
Microsoft Visual Studio Solution File, Format Version 12.00
# Visual Studio Version 17
VisualStudioVersion = 17.10.35122.118
MinimumVisualStudioVersion = 10.0.40219.1
Project("{FAE04EC0-301F-11D3-BF4B-00C04F79EFBC}") = "PPhenrikkimthomas", "PPhenrikkimthomas\PPhenrikkimthomas.csproj", "{91D6B008-0DFA-4475-80EF-7526CCD87289}"
EndProject
Global
	GlobalSection(SolutionConfigurationPlatforms) = preSolution
		Debug|Any CPU = Debug|Any CPU
		Release|Any CPU = Release|Any CPU
	EndGlobalSection
	GlobalSection(ProjectConfigurationPlatforms) = postSolution
		{91D6B008-0DFA-4475-80EF-7526CCD87289}.Debug|Any CPU.ActiveCfg = Debug|Any CPU
		{91D6B008-0DFA-4475-80EF-7526CCD87289}.Debug|Any CPU.Build.0 = Debug|Any CPU
		{91D6B008-0DFA-4475-80EF-7526CCD87289}.Release|Any CPU.ActiveCfg = Release|Any CPU
		{91D6B008-0DFA-4475-80EF-7526CCD87289}.Release|Any CPU.Build.0 = Release|Any CPU
	EndGlobalSection
	GlobalSection(SolutionProperties) = preSolution
		HideSolutionNode = FALSE
	EndGlobalSection
	GlobalSection(ExtensibilityGlobals) = postSolution
		SolutionGuid = {F8154104-1D37-4E3D-88A1-C507873DBB06}
	EndGlobalSection
EndGlobal
